
Microsoft Visual Studio Solution File, Format Version 11.00
# Visual Studio 2010
Project("{FAE04EC0-301F-11D3-BF4B-00C04F79EFBC}") = "Assembly-CSharp", "Assembly-CSharp.csproj", "{F9678209-2D62-B8CD-42A2-D920114379FB}"
EndProject
Project("{FAE04EC0-301F-11D3-BF4B-00C04F79EFBC}") = "Assembly-CSharp-firstpass", "Assembly-CSharp-firstpass.csproj", "{611B61B9-066D-C5E2-D972-65B943A5865A}"
EndProject
Project("{FAE04EC0-301F-11D3-BF4B-00C04F79EFBC}") = "Assembly-CSharp-Editor-firstpass", "Assembly-CSharp-Editor-firstpass.csproj", "{5CF3FE43-1669-A80E-C275-8379FA122683}"
EndProject
Project("{FAE04EC0-301F-11D3-BF4B-00C04F79EFBC}") = "Assembly-CSharp-Editor", "Assembly-CSharp-Editor.csproj", "{010748CB-BCE2-7EBC-C561-E18FC9BAC4B4}"
EndProject
Global
	GlobalSection(SolutionConfigurationPlatforms) = preSolution
		Debug|Any CPU = Debug|Any CPU
		Release|Any CPU = Release|Any CPU
	EndGlobalSection
	GlobalSection(ProjectConfigurationPlatforms) = postSolution
		{F9678209-2D62-B8CD-42A2-D920114379FB}.Debug|Any CPU.ActiveCfg = Debug|Any CPU
		{F9678209-2D62-B8CD-42A2-D920114379FB}.Debug|Any CPU.Build.0 = Debug|Any CPU
		{F9678209-2D62-B8CD-42A2-D920114379FB}.Release|Any CPU.ActiveCfg = Release|Any CPU
		{F9678209-2D62-B8CD-42A2-D920114379FB}.Release|Any CPU.Build.0 = Release|Any CPU
		{611B61B9-066D-C5E2-D972-65B943A5865A}.Debug|Any CPU.ActiveCfg = Debug|Any CPU
		{611B61B9-066D-C5E2-D972-65B943A5865A}.Debug|Any CPU.Build.0 = Debug|Any CPU
		{611B61B9-066D-C5E2-D972-65B943A5865A}.Release|Any CPU.ActiveCfg = Release|Any CPU
		{611B61B9-066D-C5E2-D972-65B943A5865A}.Release|Any CPU.Build.0 = Release|Any CPU
		{5CF3FE43-1669-A80E-C275-8379FA122683}.Debug|Any CPU.ActiveCfg = Debug|Any CPU
		{5CF3FE43-1669-A80E-C275-8379FA122683}.Debug|Any CPU.Build.0 = Debug|Any CPU
		{5CF3FE43-1669-A80E-C275-8379FA122683}.Release|Any CPU.ActiveCfg = Release|Any CPU
		{5CF3FE43-1669-A80E-C275-8379FA122683}.Release|Any CPU.Build.0 = Release|Any CPU
		{010748CB-BCE2-7EBC-C561-E18FC9BAC4B4}.Debug|Any CPU.ActiveCfg = Debug|Any CPU
		{010748CB-BCE2-7EBC-C561-E18FC9BAC4B4}.Debug|Any CPU.Build.0 = Debug|Any CPU
		{010748CB-BCE2-7EBC-C561-E18FC9BAC4B4}.Release|Any CPU.ActiveCfg = Release|Any CPU
		{010748CB-BCE2-7EBC-C561-E18FC9BAC4B4}.Release|Any CPU.Build.0 = Release|Any CPU
	EndGlobalSection
	GlobalSection(SolutionProperties) = preSolution
		HideSolutionNode = FALSE
	EndGlobalSection
	GlobalSection(MonoDevelopProperties) = preSolution
		StartupItem = Assembly-CSharp.csproj
	EndGlobalSection
EndGlobal
